{
  "components": {
    "auto-desktopenv": {
      "channel": "stable",
      "layer": "soma",
      "license": "GPL-3.0",
      "models": [],
      "provides": [
        "dotfiles",
        "hyprland-config",
        "installer",
        "quickshell"
      ],
      "repo": "gaganjainse/shesh-desktop",
      "upstream": {
        "name": "dots-hyprland",
        "ref": "main",
        "repo": "end-4/dots-hyprland"
      },
      "version": "rolling"
    },
    "shesh-acp": {
      "channel": "canary",
      "layer": "soma",
      "license": "GPL-3.0",
      "models": [],
      "provides": [
        "acp",
        "editor-integration",
        "jetbrains",
        "zed"
      ],
      "repo": "gaganjainse/shesh-acp",
      "upstream": {
        "name": "Agent Client Protocol",
        "ref": "main",
        "repo": "zed-industries/agent-client-protocol"
      },
      "version": "0.1.0"
    },
    "shesh-audit": {
      "channel": "canary",
      "layer": "brain",
      "license": "MIT",
      "models": [],
      "provides": [
        "audit-log",
        "event-store",
        "policy-engine"
      ],
      "repo": "gaganjainse/shesh-audit",
      "upstream": {
        "name": "SheshAOS",
        "ref": "main",
        "repo": "gaganjainse/SheshAOS"
      },
      "version": "0.1.0"
    },
    "shesh-backup": {
      "channel": "canary",
      "layer": "soma",
      "license": "GPL-3.0",
      "models": [],
      "provides": [
        "backup",
        "restic",
        "snapshots"
      ],
      "repo": "gaganjainse/shesh-backup",
      "upstream": null,
      "version": "0.1.0"
    },
    "shesh-calendar": {
      "channel": "canary",
      "layer": "mind",
      "license": "GPL-3.0",
      "models": [],
      "provides": [
        "agenda",
        "calendar",
        "ical"
      ],
      "repo": "gaganjainse/shesh-calendar",
      "upstream": "original",
      "version": "0.1.0"
    },
    "shesh-containers": {
      "channel": "canary",
      "layer": "soma",
      "license": "GPL-3.0",
      "models": [],
      "provides": [
        "containers",
        "podman",
        "sandbox"
      ],
      "repo": "gaganjainse/shesh-containers",
      "upstream": null,
      "version": "0.1.0"
    },
    "shesh-ebpf": {
      "channel": "canary",
      "layer": "soma",
      "license": "GPL-3.0-or-later",
      "models": [],
      "provides": [
        "ebpf-telemetry",
        "performance-sensing",
        "system-metrics"
      ],
      "repo": "gaganjainse/shesh-ebpf",
      "upstream": null,
      "version": "0.1.0"
    },
    "shesh-files": {
      "channel": "canary",
      "layer": "soma",
      "license": "GPL-3.0",
      "models": [],
      "provides": [
        "file-organizer",
        "inotify-watcher",
        "undo-log"
      ],
      "repo": "gaganjainse/shesh-files",
      "upstream": {
        "name": "shesh-desktop smart-organizer",
        "ref": "main",
        "repo": "gaganjainse/shesh-desktop"
      },
      "version": "0.2.0"
    },
    "shesh-harness": {
      "channel": "canary",
      "layer": "mind",
      "license": "GPL-3.0",
      "models": [],
      "provides": [
        "auto-skills",
        "continual-harness",
        "refine",
        "self-evolution"
      ],
      "repo": "gaganjainse/shesh-harness",
      "upstream": {
        "name": "Memento-Skills / Prime Harness",
        "ref": "main",
        "repo": "Memento-Teams/Memento-Skills"
      },
      "version": "0.1.0"
    },
    "shesh-mcp-bundle": {
      "channel": "canary",
      "layer": "soma",
      "license": "GPL-3.0",
      "models": [],
      "provides": [
        "fetch",
        "filesystem",
        "git",
        "mcp-bundle"
      ],
      "repo": "gaganjainse/shesh-mcp-bundle",
      "upstream": null,
      "version": "0.1.0"
    },
    "shesh-media": {
      "channel": "canary",
      "layer": "soma",
      "license": "GPL-3.0",
      "models": [],
      "provides": [
        "audio-routing",
        "recording",
        "screenshots",
        "wallpaper"
      ],
      "repo": "gaganjainse/shesh-media",
      "upstream": null,
      "version": "0.1.0"
    },
    "shesh-memory": {
      "channel": "canary",
      "layer": "mind",
      "license": "GPL-3.0",
      "models": [],
      "provides": [
        "context-assembly",
        "episodic-memory",
        "habit-learning",
        "rag",
        "semantic-memory"
      ],
      "repo": "gaganjainse/shesh-memory",
      "upstream": {
        "name": "rag-service",
        "ref": "main",
        "repo": "gaganjainse/rag-service"
      },
      "version": "0.1.0"
    },
    "shesh-messaging": {
      "channel": "canary",
      "layer": "soma",
      "license": "GPL-3.0",
      "models": [],
      "provides": [
        "messaging",
        "signal-bridge",
        "telegram-bridge"
      ],
      "repo": "gaganjainse/shesh-messaging",
      "upstream": null,
      "version": "0.1.0"
    },
    "shesh-mind": {
      "channel": "canary",
      "layer": "mind",
      "license": "MIT",
      "models": [
        "phi4-mini",
        "qwen2.5-coder:3b",
        "moondream2",
        "nomic-embed-text"
      ],
      "provides": [
        "coder",
        "intent",
        "planner",
        "vision"
      ],
      "repo": "gaganjainse/shesh-mind",
      "upstream": {
        "name": "SheshOS",
        "ref": "main",
        "repo": "gaganjainse/SheshOS"
      },
      "version": "0.1.0"
    },
    "shesh-secrets": {
      "channel": "canary",
      "layer": "brain",
      "license": "GPL-3.0",
      "models": [],
      "provides": [
        "credentials",
        "secrets"
      ],
      "repo": "gaganjainse/shesh-secrets",
      "upstream": "original",
      "version": "0.1.0"
    },
    "shesh-shell": {
      "channel": "canary",
      "layer": "soma",
      "license": "GPL-3.0",
      "models": [],
      "provides": [
        "mcp:hyprland",
        "window-control",
        "workspaces"
      ],
      "repo": "gaganjainse/shesh-shell",
      "upstream": null,
      "version": "0.1.0"
    },
    "shesh-skills": {
      "channel": "canary",
      "layer": "mind",
      "license": "GPL-3.0",
      "models": [],
      "provides": [
        "docs",
        "git-tools",
        "mcp:skills",
        "notes",
        "reminders",
        "skill-library",
        "web-search"
      ],
      "repo": "gaganjainse/shesh-skills",
      "upstream": {
        "name": "MCP skills pattern",
        "ref": "main",
        "repo": "modelcontextprotocol/servers"
      },
      "version": "0.1.0"
    },
    "shesh-system": {
      "channel": "canary",
      "layer": "soma",
      "license": "GPL-3.0",
      "models": [],
      "provides": [
        "gpu-mux",
        "mcp:system",
        "power"
      ],
      "repo": "gaganjainse/shesh-system",
      "upstream": null,
      "version": "0.1.0"
    },
    "shesh-voice": {
      "channel": "canary",
      "layer": "soma",
      "license": "GPL-3.0",
      "models": [],
      "provides": [
        "chat-ui",
        "mcp-client",
        "stt",
        "tts",
        "wakeword"
      ],
      "repo": "gaganjainse/shesh-voice",
      "upstream": {
        "name": "Newelle",
        "ref": "1.4.5",
        "repo": "qwersyk/Newelle"
      },
      "version": "1.4.5-sesha1"
    }
  },
  "count": 19,
  "sha256": "1cd4802b594a4f27f00318ee0d956df962c6f31dbcb3593b2abd5b9c7b0a8892"
}
