{
  "components": {
    "auto-desktopenv": {
      "channel": "stable",
      "layer": "soma",
      "license": "GPL-3.0",
      "models": [],
      "provides": [
        "dotfiles",
        "hyprland-config",
        "installer",
        "quickshell"
      ],
      "repo": "gaganjainse/shesha-desktop",
      "upstream": {
        "name": "dots-hyprland",
        "ref": "main",
        "repo": "end-4/dots-hyprland"
      },
      "version": "rolling"
    },
    "shesha-acp": {
      "channel": "canary",
      "layer": "soma",
      "license": "GPL-3.0",
      "models": [],
      "provides": [
        "acp",
        "editor-integration",
        "jetbrains",
        "zed"
      ],
      "repo": "gaganjainse/shesha-acp",
      "upstream": {
        "name": "Agent Client Protocol",
        "ref": "main",
        "repo": "zed-industries/agent-client-protocol"
      },
      "version": "0.1.0"
    },
    "shesha-audit": {
      "channel": "canary",
      "layer": "brain",
      "license": "MIT",
      "models": [],
      "provides": [
        "audit-log",
        "event-store",
        "policy-engine"
      ],
      "repo": "gaganjainse/shesha-audit",
      "upstream": {
        "name": "SheshaAOS",
        "ref": "main",
        "repo": "gaganjainse/SheshaAOS"
      },
      "version": "0.1.0"
    },
    "shesha-brain": {
      "channel": "devel",
      "layer": "brain",
      "license": "MIT",
      "models": [],
      "provides": [
        "scheduler",
        "task-router",
        "tool-broker"
      ],
      "repo": "gaganjainse/shesha-brain",
      "upstream": {
        "name": "shesha-kernel",
        "ref": "main",
        "repo": "gaganjainse/shesha-kernel"
      },
      "version": "0.1.0"
    },
    "shesha-files": {
      "channel": "canary",
      "layer": "soma",
      "license": "GPL-3.0",
      "models": [],
      "provides": [
        "file-organizer",
        "inotify-watcher",
        "undo-log"
      ],
      "repo": "gaganjainse/shesha-files",
      "upstream": {
        "name": "shesha-desktop smart-organizer",
        "ref": "main",
        "repo": "gaganjainse/shesha-desktop"
      },
      "version": "0.2.0"
    },
    "shesha-harness": {
      "channel": "canary",
      "layer": "mind",
      "license": "GPL-3.0",
      "models": [],
      "provides": [
        "auto-skills",
        "continual-harness",
        "refine",
        "self-evolution"
      ],
      "repo": "gaganjainse/shesha-harness",
      "upstream": {
        "name": "Memento-Skills / Prime Harness",
        "ref": "main",
        "repo": "Memento-Teams/Memento-Skills"
      },
      "version": "0.1.0"
    },
    "shesha-memory": {
      "channel": "canary",
      "layer": "mind",
      "license": "GPL-3.0",
      "models": [],
      "provides": [
        "context-assembly",
        "episodic-memory",
        "habit-learning",
        "rag",
        "semantic-memory"
      ],
      "repo": "gaganjainse/shesha-memory",
      "upstream": {
        "name": "rag-service",
        "ref": "main",
        "repo": "gaganjainse/rag-service"
      },
      "version": "0.1.0"
    },
    "shesha-mind": {
      "channel": "canary",
      "layer": "mind",
      "license": "MIT",
      "models": [
        "phi4-mini",
        "qwen2.5-coder:3b",
        "moondream2",
        "nomic-embed-text"
      ],
      "provides": [
        "coder",
        "intent",
        "planner",
        "vision"
      ],
      "repo": "gaganjainse/shesha-mind",
      "upstream": {
        "name": "SheshaOS",
        "ref": "main",
        "repo": "gaganjainse/SheshaOS"
      },
      "version": "0.1.0"
    },
    "shesha-orchestrator": {
      "channel": "devel",
      "layer": "mind",
      "license": "GPL-3.0",
      "models": [],
      "provides": [
        "a2a",
        "multi-agent",
        "rlm",
        "role-routing",
        "subagents"
      ],
      "repo": "gaganjainse/shesha-orchestrator",
      "upstream": {
        "name": "Prime Agent RLM",
        "ref": "main",
        "repo": "PrimeIntellect-ai/prime-agent"
      },
      "version": "0.0.0"
    },
    "shesha-phone": {
      "channel": "devel",
      "layer": "soma",
      "license": "GPL-3.0",
      "models": [],
      "provides": [
        "android-adb",
        "phone-actuators",
        "phone-sensors"
      ],
      "repo": "gaganjainse/shesha-phone",
      "upstream": {
        "name": "phone-harness",
        "ref": "main",
        "repo": "ShawnPana/phone-harness"
      },
      "version": "0.1.0"
    },
    "shesha-shell": {
      "channel": "canary",
      "layer": "soma",
      "license": "GPL-3.0",
      "models": [],
      "provides": [
        "mcp:hyprland",
        "window-control",
        "workspaces"
      ],
      "repo": "gaganjainse/shesha-shell",
      "upstream": null,
      "version": "0.1.0"
    },
    "shesha-skills": {
      "channel": "canary",
      "layer": "mind",
      "license": "GPL-3.0",
      "models": [],
      "provides": [
        "docs",
        "git-tools",
        "mcp:skills",
        "notes",
        "reminders",
        "skill-library",
        "web-search"
      ],
      "repo": "gaganjainse/shesha-skills",
      "upstream": {
        "name": "MCP skills pattern",
        "ref": "main",
        "repo": "modelcontextprotocol/servers"
      },
      "version": "0.1.0"
    },
    "shesha-system": {
      "channel": "canary",
      "layer": "soma",
      "license": "GPL-3.0",
      "models": [],
      "provides": [
        "backup",
        "gpu-mux",
        "maintenance",
        "mcp:system",
        "power"
      ],
      "repo": "gaganjainse/shesha-system",
      "upstream": null,
      "version": "0.1.0"
    },
    "shesha-voice": {
      "channel": "canary",
      "layer": "soma",
      "license": "GPL-3.0",
      "models": [],
      "provides": [
        "chat-ui",
        "mcp-client",
        "stt",
        "tts",
        "wakeword"
      ],
      "repo": "gaganjainse/shesha-voice",
      "upstream": {
        "name": "Newelle",
        "ref": "1.4.5",
        "repo": "qwersyk/Newelle"
      },
      "version": "1.4.5-sesha1"
    }
  },
  "count": 14,
  "sha256": "6ee000b18bd473f27b6481302c7199c7f51b3cd59c286ec289ee89e6af6d6e73"
}
