{
  "components": {
    "shesh-desktop": {
      "channel": "stable",
      "layer": "soma",
      "license": "GPL-3.0",
      "models": [],
      "provides": [
        "dotfiles",
        "hyprland-config",
        "installer",
        "quickshell"
      ],
      "repo": "gaganjainse/shesh-desktop",
      "upstream": {
        "name": "dots-hyprland",
        "ref": "main",
        "repo": "end-4/dots-hyprland"
      },
      "version": "rolling"
    }
  },
  "count": 1,
  "sha256": "7e9a8cda254676dafabf324ca4906d01de56f912aa25d4c0535cfc60cbef0568"
}
